
Microsoft Visual Studio Solution File, Format Version 12.00
# Visual Studio Version 17
VisualStudioVersion = 17.11.35208.52
MinimumVisualStudioVersion = 10.0.40219.1
Project("{E24C65DC-7377-472B-9ABA-BC803B73C61A}") = "PersonalBrand", ".", "{94E67EE9-D741-4CC8-815C-B3F96B3C3C9B}"
	ProjectSection(WebsiteProperties) = preProject
		TargetFrameworkMoniker = ".NETFramework,Version%3Dv4.8"
		Debug.AspNetCompiler.VirtualPath = "/localhost_56788"
		Debug.AspNetCompiler.PhysicalPath = "..\PersonalBrand\"
		Debug.AspNetCompiler.TargetPath = "PrecompiledWeb\localhost_56788\"
		Debug.AspNetCompiler.Updateable = "true"
		Debug.AspNetCompiler.ForceOverwrite = "true"
		Debug.AspNetCompiler.FixedNames = "false"
		Debug.AspNetCompiler.Debug = "True"
		Release.AspNetCompiler.VirtualPath = "/localhost_56788"
		Release.AspNetCompiler.PhysicalPath = "..\PersonalBrand\"
		Release.AspNetCompiler.TargetPath = "PrecompiledWeb\localhost_56788\"
		Release.AspNetCompiler.Updateable = "true"
		Release.AspNetCompiler.ForceOverwrite = "true"
		Release.AspNetCompiler.FixedNames = "false"
		Release.AspNetCompiler.Debug = "False"
		VWDPort = "56788"
		SlnRelativePath = "..\PersonalBrand\"
	EndProjectSection
EndProject
Global
	GlobalSection(SolutionConfigurationPlatforms) = preSolution
		Debug|Any CPU = Debug|Any CPU
	EndGlobalSection
	GlobalSection(ProjectConfigurationPlatforms) = postSolution
		{94E67EE9-D741-4CC8-815C-B3F96B3C3C9B}.Debug|Any CPU.ActiveCfg = Debug|Any CPU
		{94E67EE9-D741-4CC8-815C-B3F96B3C3C9B}.Debug|Any CPU.Build.0 = Debug|Any CPU
	EndGlobalSection
	GlobalSection(SolutionProperties) = preSolution
		HideSolutionNode = FALSE
	EndGlobalSection
	GlobalSection(ExtensibilityGlobals) = postSolution
		SolutionGuid = {3C23150D-FEA0-4C8E-B09A-B67262109F8F}
	EndGlobalSection
EndGlobal
